
Microsoft Visual Studio Solution File, Format Version 12.00
# Visual Studio Version 16
VisualStudioVersion = 16.0.28803.352
MinimumVisualStudioVersion = 10.0.40219.1
Project("{FAE04EC0-301F-11D3-BF4B-00C04F79EFBC}") = "HerokuAppAutomationFramework", "HerokuAppAutomationFramework\HerokuAppAutomationFramework.csproj", "{B8647085-1D2B-4A8B-A1FD-926049D4DEAF}"
EndProject
Global
	GlobalSection(SolutionConfigurationPlatforms) = preSolution
		Debug|Any CPU = Debug|Any CPU
		Release|Any CPU = Release|Any CPU
	EndGlobalSection
	GlobalSection(ProjectConfigurationPlatforms) = postSolution
		{B8647085-1D2B-4A8B-A1FD-926049D4DEAF}.Debug|Any CPU.ActiveCfg = Debug|Any CPU
		{B8647085-1D2B-4A8B-A1FD-926049D4DEAF}.Debug|Any CPU.Build.0 = Debug|Any CPU
		{B8647085-1D2B-4A8B-A1FD-926049D4DEAF}.Release|Any CPU.ActiveCfg = Release|Any CPU
		{B8647085-1D2B-4A8B-A1FD-926049D4DEAF}.Release|Any CPU.Build.0 = Release|Any CPU
	EndGlobalSection
	GlobalSection(SolutionProperties) = preSolution
		HideSolutionNode = FALSE
	EndGlobalSection
	GlobalSection(ExtensibilityGlobals) = postSolution
		SolutionGuid = {155B3B47-BAB7-4FC0-ABDF-EC7049CC6A8C}
	EndGlobalSection
EndGlobal
